// !$*UTF8*$!
{
	archiveVersion = 1;
	classes = {
	};
	objectVersion = 56;
	objects = {

/* Begin PBXBuildFile section */
		41B3875B29AB576300614621 /* AnimationsApp.swift in Sources */ = {isa = PBXBuildFile; fileRef = 41B3875A29AB576300614621 /* AnimationsApp.swift */; };
		41B3875D29AB576300614621 /* ContentView.swift in Sources */ = {isa = PBXBuildFile; fileRef = 41B3875C29AB576300614621 /* ContentView.swift */; };
		41B3875F29AB576600614621 /* Assets.xcassets in Resources */ = {isa = PBXBuildFile; fileRef = 41B3875E29AB576600614621 /* Assets.xcassets */; };
		41B3876229AB576600614621 /* Preview Assets.xcassets in Resources */ = {isa = PBXBuildFile; fileRef = 41B3876129AB576600614621 /* Preview Assets.xcassets */; };
		41B3876929AB579300614621 /* AnimatingChangesOnViewState.swift in Sources */ = {isa = PBXBuildFile; fileRef = 41B3876829AB579300614621 /* AnimatingChangesOnViewState.swift */; };
		41B3876B29AB57D900614621 /* AnimatingLayoutChanges .swift in Sources */ = {isa = PBXBuildFile; fileRef = 41B3876A29AB57D900614621 /* AnimatingLayoutChanges .swift */; };
		41B3876D29AB5A7E00614621 /* AnimatingChangesViewModifiers.swift in Sources */ = {isa = PBXBuildFile; fileRef = 41B3876C29AB5A7E00614621 /* AnimatingChangesViewModifiers.swift */; };
		41B3877229AB5CC700614621 /* AnimationsTriggeredModifiers.swift in Sources */ = {isa = PBXBuildFile; fileRef = 41B3877129AB5CC700614621 /* AnimationsTriggeredModifiers.swift */; };
		41B3877429AB5D0A00614621 /* AnimationsTriggeredTransactions.swift in Sources */ = {isa = PBXBuildFile; fileRef = 41B3877329AB5D0A00614621 /* AnimationsTriggeredTransactions.swift */; };
		41F0A56B29AB62CC00604E35 /* CustomImplicitAnimation.swift in Sources */ = {isa = PBXBuildFile; fileRef = 41F0A56A29AB62CC00604E35 /* CustomImplicitAnimation.swift */; };
		41F0A56D29AB652A00604E35 /* CustomExplicitAnimation.swift in Sources */ = {isa = PBXBuildFile; fileRef = 41F0A56C29AB652A00604E35 /* CustomExplicitAnimation.swift */; };
/* End PBXBuildFile section */

/* Begin PBXFileReference section */
		41B3875729AB576300614621 /* Animations.app */ = {isa = PBXFileReference; explicitFileType = wrapper.application; includeInIndex = 0; path = Animations.app; sourceTree = BUILT_PRODUCTS_DIR; };
		41B3875A29AB576300614621 /* AnimationsApp.swift */ = {isa = PBXFileReference; lastKnownFileType = sourcecode.swift; path = AnimationsApp.swift; sourceTree = "<group>"; };
		41B3875C29AB576300614621 /* ContentView.swift */ = {isa = PBXFileReference; lastKnownFileType = sourcecode.swift; path = ContentView.swift; sourceTree = "<group>"; };
		41B3875E29AB576600614621 /* Assets.xcassets */ = {isa = PBXFileReference; lastKnownFileType = folder.assetcatalog; path = Assets.xcassets; sourceTree = "<group>"; };
		41B3876129AB576600614621 /* Preview Assets.xcassets */ = {isa = PBXFileReference; lastKnownFileType = folder.assetcatalog; path = "Preview Assets.xcassets"; sourceTree = "<group>"; };
		41B3876829AB579300614621 /* AnimatingChangesOnViewState.swift */ = {isa = PBXFileReference; lastKnownFileType = sourcecode.swift; path = AnimatingChangesOnViewState.swift; sourceTree = "<group>"; };
		41B3876A29AB57D900614621 /* AnimatingLayoutChanges .swift */ = {isa = PBXFileReference; lastKnownFileType = sourcecode.swift; path = "AnimatingLayoutChanges .swift"; sourceTree = "<group>"; };
		41B3876C29AB5A7E00614621 /* AnimatingChangesViewModifiers.swift */ = {isa = PBXFileReference; lastKnownFileType = sourcecode.swift; path = AnimatingChangesViewModifiers.swift; sourceTree = "<group>"; };
		41B3877129AB5CC700614621 /* AnimationsTriggeredModifiers.swift */ = {isa = PBXFileReference; lastKnownFileType = sourcecode.swift; path = AnimationsTriggeredModifiers.swift; sourceTree = "<group>"; };
		41B3877329AB5D0A00614621 /* AnimationsTriggeredTransactions.swift */ = {isa = PBXFileReference; lastKnownFileType = sourcecode.swift; path = AnimationsTriggeredTransactions.swift; sourceTree = "<group>"; };
		41F0A56A29AB62CC00604E35 /* CustomImplicitAnimation.swift */ = {isa = PBXFileReference; lastKnownFileType = sourcecode.swift; path = CustomImplicitAnimation.swift; sourceTree = "<group>"; };
		41F0A56C29AB652A00604E35 /* CustomExplicitAnimation.swift */ = {isa = PBXFileReference; lastKnownFileType = sourcecode.swift; path = CustomExplicitAnimation.swift; sourceTree = "<group>"; };
/* End PBXFileReference section */

/* Begin PBXFrameworksBuildPhase section */
		41B3875429AB576300614621 /* Frameworks */ = {
			isa = PBXFrameworksBuildPhase;
			buildActionMask = 2147483647;
			files = (
			);
			runOnlyForDeploymentPostprocessing = 0;
		};
/* End PBXFrameworksBuildPhase section */

/* Begin PBXGroup section */
		41B3874E29AB576300614621 = {
			isa = PBXGroup;
			children = (
				41B3875929AB576300614621 /* Animations */,
				41B3875829AB576300614621 /* Products */,
			);
			sourceTree = "<group>";
		};
		41B3875829AB576300614621 /* Products */ = {
			isa = PBXGroup;
			children = (
				41B3875729AB576300614621 /* Animations.app */,
			);
			name = Products;
			sourceTree = "<group>";
		};
		41B3875929AB576300614621 /* Animations */ = {
			isa = PBXGroup;
			children = (
				41B3875A29AB576300614621 /* AnimationsApp.swift */,
				41B3875C29AB576300614621 /* ContentView.swift */,
				41B3875E29AB576600614621 /* Assets.xcassets */,
				41B3876029AB576600614621 /* Preview Content */,
				41B3876E29AB5C4100614621 /* Implicit Animations */,
				41F0A56829AB5E8F00604E35 /* Explicit Animations */,
				41F0A56929AB629100604E35 /* Custom Animations */,
			);
			path = Animations;
			sourceTree = "<group>";
		};
		41B3876029AB576600614621 /* Preview Content */ = {
			isa = PBXGroup;
			children = (
				41B3876129AB576600614621 /* Preview Assets.xcassets */,
			);
			path = "Preview Content";
			sourceTree = "<group>";
		};
		41B3876E29AB5C4100614621 /* Implicit Animations */ = {
			isa = PBXGroup;
			children = (
				41B3876829AB579300614621 /* AnimatingChangesOnViewState.swift */,
				41B3876A29AB57D900614621 /* AnimatingLayoutChanges .swift */,
				41B3876C29AB5A7E00614621 /* AnimatingChangesViewModifiers.swift */,
			);
			path = "Implicit Animations";
			sourceTree = "<group>";
		};
		41F0A56829AB5E8F00604E35 /* Explicit Animations */ = {
			isa = PBXGroup;
			children = (
				41B3877129AB5CC700614621 /* AnimationsTriggeredModifiers.swift */,
				41B3877329AB5D0A00614621 /* AnimationsTriggeredTransactions.swift */,
			);
			path = "Explicit Animations";
			sourceTree = "<group>";
		};
		41F0A56929AB629100604E35 /* Custom Animations */ = {
			isa = PBXGroup;
			children = (
				41F0A56A29AB62CC00604E35 /* CustomImplicitAnimation.swift */,
				41F0A56C29AB652A00604E35 /* CustomExplicitAnimation.swift */,
			);
			path = "Custom Animations";
			sourceTree = "<group>";
		};
/* End PBXGroup section */

/* Begin PBXNativeTarget section */
		41B3875629AB576300614621 /* Animations */ = {
			isa = PBXNativeTarget;
			buildConfigurationList = 41B3876529AB576600614621 /* Build configuration list for PBXNativeTarget "Animations" */;
			buildPhases = (
				41B3875329AB576300614621 /* Sources */,
				41B3875429AB576300614621 /* Frameworks */,
				41B3875529AB576300614621 /* Resources */,
			);
			buildRules = (
			);
			dependencies = (
			);
			name = Animations;
			productName = Animations;
			productReference = 41B3875729AB576300614621 /* Animations.app */;
			productType = "com.apple.product-type.application";
		};
/* End PBXNativeTarget section */

/* Begin PBXProject section */
		41B3874F29AB576300614621 /* Project object */ = {
			isa = PBXProject;
			attributes = {
				BuildIndependentTargetsInParallel = 1;
				LastSwiftUpdateCheck = 1400;
				LastUpgradeCheck = 1400;
				TargetAttributes = {
					41B3875629AB576300614621 = {
						CreatedOnToolsVersion = 14.0.1;
					};
				};
			};
			buildConfigurationList = 41B3875229AB576300614621 /* Build configuration list for PBXProject "Animations" */;
			compatibilityVersion = "Xcode 14.0";
			developmentRegion = en;
			hasScannedForEncodings = 0;
			knownRegions = (
				en,
				Base,
			);
			mainGroup = 41B3874E29AB576300614621;
			productRefGroup = 41B3875829AB576300614621 /* Products */;
			projectDirPath = "";
			projectRoot = "";
			targets = (
				41B3875629AB576300614621 /* Animations */,
			);
		};
/* End PBXProject section */

/* Begin PBXResourcesBuildPhase section */
		41B3875529AB576300614621 /* Resources */ = {
			isa = PBXResourcesBuildPhase;
			buildActionMask = 2147483647;
			files = (
				41B3876229AB576600614621 /* Preview Assets.xcassets in Resources */,
				41B3875F29AB576600614621 /* Assets.xcassets in Resources */,
			);
			runOnlyForDeploymentPostprocessing = 0;
		};
/* End PBXResourcesBuildPhase section */

/* Begin PBXSourcesBuildPhase section */
		41B3875329AB576300614621 /* Sources */ = {
			isa = PBXSourcesBuildPhase;
			buildActionMask = 2147483647;
			files = (
				41B3876929AB579300614621 /* AnimatingChangesOnViewState.swift in Sources */,
				41F0A56D29AB652A00604E35 /* CustomExplicitAnimation.swift in Sources */,
				41B3875D29AB576300614621 /* ContentView.swift in Sources */,
				41B3875B29AB576300614621 /* AnimationsApp.swift in Sources */,
				41B3876D29AB5A7E00614621 /* AnimatingChangesViewModifiers.swift in Sources */,
				41B3876B29AB57D900614621 /* AnimatingLayoutChanges .swift in Sources */,
				41B3877229AB5CC700614621 /* AnimationsTriggeredModifiers.swift in Sources */,
				41F0A56B29AB62CC00604E35 /* CustomImplicitAnimation.swift in Sources */,
				41B3877429AB5D0A00614621 /* AnimationsTriggeredTransactions.swift in Sources */,
			);
			runOnlyForDeploymentPostprocessing = 0;
		};
/* End PBXSourcesBuildPhase section */

/* Begin XCBuildConfiguration section */
		41B3876329AB576600614621 /* Debug */ = {
			isa = XCBuildConfiguration;
			buildSettings = {
				ALWAYS_SEARCH_USER_PATHS = NO;
				CLANG_ANALYZER_NONNULL = YES;
				CLANG_ANALYZER_NUMBER_OBJECT_CONVERSION = YES_AGGRESSIVE;
				CLANG_CXX_LANGUAGE_STANDARD = "gnu++20";
				CLANG_ENABLE_MODULES = YES;
				CLANG_ENABLE_OBJC_ARC = YES;
				CLANG_ENABLE_OBJC_WEAK = YES;
				CLANG_WARN_BLOCK_CAPTURE_AUTORELEASING = YES;
				CLANG_WARN_BOOL_CONVERSION = YES;
				CLANG_WARN_COMMA = YES;
				CLANG_WARN_CONSTANT_CONVERSION = YES;
				CLANG_WARN_DEPRECATED_OBJC_IMPLEMENTATIONS = YES;
				CLANG_WARN_DIRECT_OBJC_ISA_USAGE = YES_ERROR;
				CLANG_WARN_DOCUMENTATION_COMMENTS = YES;
				CLANG_WARN_EMPTY_BODY = YES;
				CLANG_WARN_ENUM_CONVERSION = YES;
				CLANG_WARN_INFINITE_RECURSION = YES;
				CLANG_WARN_INT_CONVERSION = YES;
				CLANG_WARN_NON_LITERAL_NULL_CONVERSION = YES;
				CLANG_WARN_OBJC_IMPLICIT_RETAIN_SELF = YES;
				CLANG_WARN_OBJC_LITERAL_CONVERSION = YES;
				CLANG_WARN_OBJC_ROOT_CLASS = YES_ERROR;
				CLANG_WARN_QUOTED_INCLUDE_IN_FRAMEWORK_HEADER = YES;
				CLANG_WARN_RANGE_LOOP_ANALYSIS = YES;
				CLANG_WARN_STRICT_PROTOTYPES = YES;
				CLANG_WARN_SUSPICIOUS_MOVE = YES;
				CLANG_WARN_UNGUARDED_AVAILABILITY = YES_AGGRESSIVE;
				CLANG_WARN_UNREACHABLE_CODE = YES;
				CLANG_WARN__DUPLICATE_METHOD_MATCH = YES;
				COPY_PHASE_STRIP = NO;
				DEBUG_INFORMATION_FORMAT = dwarf;
				ENABLE_STRICT_OBJC_MSGSEND = YES;
				ENABLE_TESTABILITY = YES;
				GCC_C_LANGUAGE_STANDARD = gnu11;
				GCC_DYNAMIC_NO_PIC = NO;
				GCC_NO_COMMON_BLOCKS = YES;
				GCC_OPTIMIZATION_LEVEL = 0;
				GCC_PREPROCESSOR_DEFINITIONS = (
					"DEBUG=1",
					"$(inherited)",
				);
				GCC_WARN_64_TO_32_BIT_CONVERSION = YES;
				GCC_WARN_ABOUT_RETURN_TYPE = YES_ERROR;
				GCC_WARN_UNDECLARED_SELECTOR = YES;
				GCC_WARN_UNINITIALIZED_AUTOS = YES_AGGRESSIVE;
				GCC_WARN_UNUSED_FUNCTION = YES;
				GCC_WARN_UNUSED_VARIABLE = YES;
				IPHONEOS_DEPLOYMENT_TARGET = 16.0;
				MTL_ENABLE_DEBUG_INFO = INCLUDE_SOURCE;
				MTL_FAST_MATH = YES;
				ONLY_ACTIVE_ARCH = YES;
				SDKROOT = iphoneos;
				SWIFT_ACTIVE_COMPILATION_CONDITIONS = DEBUG;
				SWIFT_OPTIMIZATION_LEVEL = "-Onone";
			};
			name = Debug;
		};
		41B3876429AB576600614621 /* Release */ = {
			isa = XCBuildConfiguration;
			buildSettings = {
				ALWAYS_SEARCH_USER_PATHS = NO;
				CLANG_ANALYZER_NONNULL = YES;
				CLANG_ANALYZER_NUMBER_OBJECT_CONVERSION = YES_AGGRESSIVE;
				CLANG_CXX_LANGUAGE_STANDARD = "gnu++20";
				CLANG_ENABLE_MODULES = YES;
				CLANG_ENABLE_OBJC_ARC = YES;
				CLANG_ENABLE_OBJC_WEAK = YES;
				CLANG_WARN_BLOCK_CAPTURE_AUTORELEASING = YES;
				CLANG_WARN_BOOL_CONVERSION = YES;
				CLANG_WARN_COMMA = YES;
				CLANG_WARN_CONSTANT_CONVERSION = YES;
				CLANG_WARN_DEPRECATED_OBJC_IMPLEMENTATIONS = YES;
				CLANG_WARN_DIRECT_OBJC_ISA_USAGE = YES_ERROR;
				CLANG_WARN_DOCUMENTATION_COMMENTS = YES;
				CLANG_WARN_EMPTY_BODY = YES;
				CLANG_WARN_ENUM_CONVERSION = YES;
				CLANG_WARN_INFINITE_RECURSION = YES;
				CLANG_WARN_INT_CONVERSION = YES;
				CLANG_WARN_NON_LITERAL_NULL_CONVERSION = YES;
				CLANG_WARN_OBJC_IMPLICIT_RETAIN_SELF = YES;
				CLANG_WARN_OBJC_LITERAL_CONVERSION = YES;
				CLANG_WARN_OBJC_ROOT_CLASS = YES_ERROR;
				CLANG_WARN_QUOTED_INCLUDE_IN_FRAMEWORK_HEADER = YES;
				CLANG_WARN_RANGE_LOOP_ANALYSIS = YES;
				CLANG_WARN_STRICT_PROTOTYPES = YES;
				CLANG_WARN_SUSPICIOUS_MOVE = YES;
				CLANG_WARN_UNGUARDED_AVAILABILITY = YES_AGGRESSIVE;
				CLANG_WARN_UNREACHABLE_CODE = YES;
				CLANG_WARN__DUPLICATE_METHOD_MATCH = YES;
				COPY_PHASE_STRIP = NO;
				DEBUG_INFORMATION_FORMAT = "dwarf-with-dsym";
				ENABLE_NS_ASSERTIONS = NO;
				ENABLE_STRICT_OBJC_MSGSEND = YES;
				GCC_C_LANGUAGE_STANDARD = gnu11;
				GCC_NO_COMMON_BLOCKS = YES;
				GCC_WARN_64_TO_32_BIT_CONVERSION = YES;
				GCC_WARN_ABOUT_RETURN_TYPE = YES_ERROR;
				GCC_WARN_UNDECLARED_SELECTOR = YES;
				GCC_WARN_UNINITIALIZED_AUTOS = YES_AGGRESSIVE;
				GCC_WARN_UNUSED_FUNCTION = YES;
				GCC_WARN_UNUSED_VARIABLE = YES;
				IPHONEOS_DEPLOYMENT_TARGET = 16.0;
				MTL_ENABLE_DEBUG_INFO = NO;
				MTL_FAST_MATH = YES;
				SDKROOT = iphoneos;
				SWIFT_COMPILATION_MODE = wholemodule;
				SWIFT_OPTIMIZATION_LEVEL = "-O";
				VALIDATE_PRODUCT = YES;
			};
			name = Release;
		};
		41B3876629AB576600614621 /* Debug */ = {
			isa = XCBuildConfiguration;
			buildSettings = {
				ASSETCATALOG_COMPILER_APPICON_NAME = AppIcon;
				ASSETCATALOG_COMPILER_GLOBAL_ACCENT_COLOR_NAME = AccentColor;
				CODE_SIGN_STYLE = Automatic;
				CURRENT_PROJECT_VERSION = 1;
				DEVELOPMENT_ASSET_PATHS = "\"Animations/Preview Content\"";
				DEVELOPMENT_TEAM = X62FBP6LPD;
				ENABLE_PREVIEWS = YES;
				GENERATE_INFOPLIST_FILE = YES;
				INFOPLIST_KEY_UIApplicationSceneManifest_Generation = YES;
				INFOPLIST_KEY_UIApplicationSupportsIndirectInputEvents = YES;
				INFOPLIST_KEY_UILaunchScreen_Generation = YES;
				INFOPLIST_KEY_UISupportedInterfaceOrientations_iPad = "UIInterfaceOrientationPortrait UIInterfaceOrientationPortraitUpsideDown UIInterfaceOrientationLandscapeLeft UIInterfaceOrientationLandscapeRight";
				INFOPLIST_KEY_UISupportedInterfaceOrientations_iPhone = "UIInterfaceOrientationPortrait UIInterfaceOrientationLandscapeLeft UIInterfaceOrientationLandscapeRight";
				LD_RUNPATH_SEARCH_PATHS = (
					"$(inherited)",
					"@executable_path/Frameworks",
				);
				MARKETING_VERSION = 1.0;
				PRODUCT_BUNDLE_IDENTIFIER = com.test.Animations;
				PRODUCT_NAME = "$(TARGET_NAME)";
				SWIFT_EMIT_LOC_STRINGS = YES;
				SWIFT_VERSION = 5.0;
				TARGETED_DEVICE_FAMILY = "1,2";
			};
			name = Debug;
		};
		41B3876729AB576600614621 /* Release */ = {
			isa = XCBuildConfiguration;
			buildSettings = {
				ASSETCATALOG_COMPILER_APPICON_NAME = AppIcon;
				ASSETCATALOG_COMPILER_GLOBAL_ACCENT_COLOR_NAME = AccentColor;
				CODE_SIGN_STYLE = Automatic;
				CURRENT_PROJECT_VERSION = 1;
				DEVELOPMENT_ASSET_PATHS = "\"Animations/Preview Content\"";
				DEVELOPMENT_TEAM = X62FBP6LPD;
				ENABLE_PREVIEWS = YES;
				GENERATE_INFOPLIST_FILE = YES;
				INFOPLIST_KEY_UIApplicationSceneManifest_Generation = YES;
				INFOPLIST_KEY_UIApplicationSupportsIndirectInputEvents = YES;
				INFOPLIST_KEY_UILaunchScreen_Generation = YES;
				INFOPLIST_KEY_UISupportedInterfaceOrientations_iPad = "UIInterfaceOrientationPortrait UIInterfaceOrientationPortraitUpsideDown UIInterfaceOrientationLandscapeLeft UIInterfaceOrientationLandscapeRight";
				INFOPLIST_KEY_UISupportedInterfaceOrientations_iPhone = "UIInterfaceOrientationPortrait UIInterfaceOrientationLandscapeLeft UIInterfaceOrientationLandscapeRight";
				LD_RUNPATH_SEARCH_PATHS = (
					"$(inherited)",
					"@executable_path/Frameworks",
				);
				MARKETING_VERSION = 1.0;
				PRODUCT_BUNDLE_IDENTIFIER = com.test.Animations;
				PRODUCT_NAME = "$(TARGET_NAME)";
				SWIFT_EMIT_LOC_STRINGS = YES;
				SWIFT_VERSION = 5.0;
				TARGETED_DEVICE_FAMILY = "1,2";
			};
			name = Release;
		};
/* End XCBuildConfiguration section */

/* Begin XCConfigurationList section */
		41B3875229AB576300614621 /* Build configuration list for PBXProject "Animations" */ = {
			isa = XCConfigurationList;
			buildConfigurations = (
				41B3876329AB576600614621 /* Debug */,
				41B3876429AB576600614621 /* Release */,
			);
			defaultConfigurationIsVisible = 0;
			defaultConfigurationName = Release;
		};
		41B3876529AB576600614621 /* Build configuration list for PBXNativeTarget "Animations" */ = {
			isa = XCConfigurationList;
			buildConfigurations = (
				41B3876629AB576600614621 /* Debug */,
				41B3876729AB576600614621 /* Release */,
			);
			defaultConfigurationIsVisible = 0;
			defaultConfigurationName = Release;
		};
/* End XCConfigurationList section */
	};
	rootObject = 41B3874F29AB576300614621 /* Project object */;
}
